
Microsoft Visual Studio Solution File, Format Version 12.00
# Visual Studio Version 16
VisualStudioVersion = 16.0.29519.181
MinimumVisualStudioVersion = 10.0.40219.1
Project("{FAE04EC0-301F-11D3-BF4B-00C04F79EFBC}") = "DELTARobot_Demo", "DELTARobot_Demo.csproj", "{9CD78025-3689-4DC7-8998-38E631F0DA10}"
EndProject
Global
	GlobalSection(SolutionConfigurationPlatforms) = preSolution
		Debug|Any CPU = Debug|Any CPU
		Release|Any CPU = Release|Any CPU
	EndGlobalSection
	GlobalSection(ProjectConfigurationPlatforms) = postSolution
		{9CD78025-3689-4DC7-8998-38E631F0DA10}.Debug|Any CPU.ActiveCfg = Debug|Any CPU
		{9CD78025-3689-4DC7-8998-38E631F0DA10}.Debug|Any CPU.Build.0 = Debug|Any CPU
		{9CD78025-3689-4DC7-8998-38E631F0DA10}.Release|Any CPU.ActiveCfg = Release|Any CPU
		{9CD78025-3689-4DC7-8998-38E631F0DA10}.Release|Any CPU.Build.0 = Release|Any CPU
	EndGlobalSection
	GlobalSection(SolutionProperties) = preSolution
		HideSolutionNode = FALSE
	EndGlobalSection
	GlobalSection(ExtensibilityGlobals) = postSolution
		SolutionGuid = {58EDE261-BE26-409B-96E6-C8E8874DC062}
	EndGlobalSection
EndGlobal
